FORGE
  remote: http://forge.puppetlabs.com
  specs:
    gdsoperations/rbenv (1.0.1)
    ploperations/bundler (1.0.0)
    ploperations/unicorn (1.0.0)
      ploperations/bundler (>= 0.0.1)
    puppetlabs/apt (1.2.0)
      puppetlabs/stdlib (>= 2.2.1)
    puppetlabs/firewall (0.4.2)
    puppetlabs/postgresql (2.5.0)
      puppetlabs/apt (< 2.0.0, >= 1.1.0)
      puppetlabs/firewall (>= 0.0.4)
      puppetlabs/stdlib (< 5.0.0, >= 3.2.0)
      ripienaar/concat (>= 0.2.0)
    puppetlabs/stdlib (4.1.0)
    ripienaar/concat (0.2.0)

GIT
  remote: https://github.com/jfryman/puppet-nginx
  ref: master
  sha: 30d62246b222ee91856843e20fda303fea996dcd
  specs:
    nginx (0.0.5)
      puppetlabs/apt (>= 1.0.0)
      puppetlabs/stdlib (>= 0.1.6)

PATH
  remote: local_modules/freighthop
  specs:
    freighthop (0.0.1)

DEPENDENCIES
  freighthop (>= 0)
  gdsoperations/rbenv (>= 0)
  nginx (>= 0)
  ploperations/unicorn (>= 0)
  puppetlabs/apt (>= 0)
  puppetlabs/postgresql (>= 0)
  puppetlabs/stdlib (>= 0)

