FORGE
  remote: http://forge.puppetlabs.com
  specs:
    alup/rbenv (1.2.0)
    puppetlabs/apt (1.2.0)
      puppetlabs/stdlib (>= 2.2.1)
    puppetlabs/concat (1.1.0-rc1)
      puppetlabs/stdlib (>= 3.0.0)
    puppetlabs/firewall (1.0.0)
    puppetlabs/mysql (2.0.1)
      puppetlabs/stdlib (>= 2.2.1)
    puppetlabs/postgresql (3.3.0)
      puppetlabs/apt (< 2.0.0, >= 1.1.0)
      puppetlabs/concat (< 2.0.0, >= 1.0.0)
      puppetlabs/firewall (>= 0.0.4)
      puppetlabs/stdlib (< 5.0.0, >= 3.2.0)
    puppetlabs/stdlib (4.1.0)

GIT
  remote: https://github.com/jfryman/puppet-nginx
  ref: master
  sha: 30d62246b222ee91856843e20fda303fea996dcd
  specs:
    nginx (0.0.5)
      puppetlabs/apt (>= 1.0.0)
      puppetlabs/stdlib (>= 0.1.6)

GIT
  remote: https://github.com/puppetlabs/puppetlabs-apache
  ref: master
  sha: 739f2a69fe43413349f90f1ba7b95ae3bdc1b02a
  specs:
    apache (0.10.0)
      puppetlabs/concat (>= 1.0.0)
      puppetlabs/stdlib (>= 2.4.0)

PATH
  remote: local_modules/freighthop
  specs:
    freighthop (0.0.1)

DEPENDENCIES
  alup/rbenv (>= 0)
  apache (>= 0)
  freighthop (>= 0)
  nginx (>= 0)
  puppetlabs/apt (>= 0)
  puppetlabs/mysql (>= 0)
  puppetlabs/postgresql (= 3.3.0)
  puppetlabs/stdlib (= 4.1.0)

